
Microsoft Visual Studio Solution File, Format Version 12.00
# Visual Studio Version 17
VisualStudioVersion = 17.3.32811.315
MinimumVisualStudioVersion = 10.0.40219.1
Project("{FAE04EC0-301F-11D3-BF4B-00C04F79EFBC}") = "granthalaya", "granthalaya\granthalaya.csproj", "{0DAE4751-1E3D-4C0D-8CCB-B557D4B0F575}"
EndProject
Global
	GlobalSection(SolutionConfigurationPlatforms) = preSolution
		Debug|Any CPU = Debug|Any CPU
		Release|Any CPU = Release|Any CPU
	EndGlobalSection
	GlobalSection(ProjectConfigurationPlatforms) = postSolution
		{0DAE4751-1E3D-4C0D-8CCB-B557D4B0F575}.Debug|Any CPU.ActiveCfg = Debug|Any CPU
		{0DAE4751-1E3D-4C0D-8CCB-B557D4B0F575}.Debug|Any CPU.Build.0 = Debug|Any CPU
		{0DAE4751-1E3D-4C0D-8CCB-B557D4B0F575}.Release|Any CPU.ActiveCfg = Release|Any CPU
		{0DAE4751-1E3D-4C0D-8CCB-B557D4B0F575}.Release|Any CPU.Build.0 = Release|Any CPU
	EndGlobalSection
	GlobalSection(SolutionProperties) = preSolution
		HideSolutionNode = FALSE
	EndGlobalSection
	GlobalSection(ExtensibilityGlobals) = postSolution
		SolutionGuid = {456AE6E8-316D-4F31-9D5C-80354FF9CC06}
	EndGlobalSection
EndGlobal
